
Microsoft Visual Studio Solution File, Format Version 12.00
# Visual Studio 14
VisualStudioVersion = 14.0.24720.0
MinimumVisualStudioVersion = 10.0.40219.1
Project("{FAE04EC0-301F-11D3-BF4B-00C04F79EFBC}") = "Project.MVC", "Project.MVC\Project.MVC.csproj", "{23C791F6-769E-4F39-95F8-97430C526ED8}"
EndProject
Project("{FAE04EC0-301F-11D3-BF4B-00C04F79EFBC}") = "Project.Service", "Project.Service\Project.Service.csproj", "{539B4943-18C2-46A0-836F-DD7ACACA522E}"
EndProject
Global
	GlobalSection(SolutionConfigurationPlatforms) = preSolution
		Debug|Any CPU = Debug|Any CPU
		Release|Any CPU = Release|Any CPU
	EndGlobalSection
	GlobalSection(ProjectConfigurationPlatforms) = postSolution
		{23C791F6-769E-4F39-95F8-97430C526ED8}.Debug|Any CPU.ActiveCfg = Debug|Any CPU
		{23C791F6-769E-4F39-95F8-97430C526ED8}.Debug|Any CPU.Build.0 = Debug|Any CPU
		{23C791F6-769E-4F39-95F8-97430C526ED8}.Release|Any CPU.ActiveCfg = Release|Any CPU
		{23C791F6-769E-4F39-95F8-97430C526ED8}.Release|Any CPU.Build.0 = Release|Any CPU
		{539B4943-18C2-46A0-836F-DD7ACACA522E}.Debug|Any CPU.ActiveCfg = Debug|Any CPU
		{539B4943-18C2-46A0-836F-DD7ACACA522E}.Debug|Any CPU.Build.0 = Debug|Any CPU
		{539B4943-18C2-46A0-836F-DD7ACACA522E}.Release|Any CPU.ActiveCfg = Release|Any CPU
		{539B4943-18C2-46A0-836F-DD7ACACA522E}.Release|Any CPU.Build.0 = Release|Any CPU
	EndGlobalSection
	GlobalSection(SolutionProperties) = preSolution
		HideSolutionNode = FALSE
	EndGlobalSection
EndGlobal
